PODS:
  - Bolts (1.1.3)
  - Parse (1.4.1):
    - Bolts (~> 1.1.2)
  - youtube-ios-player-helper (0.1.1)

DEPENDENCIES:
  - Parse
  - youtube-ios-player-helper (~> 0.1.1)

SPEC CHECKSUMS:
  Bolts: 3db0a875235e0c9042b013af13af0f00f79b102c
  Parse: db1a09c832b7509edcc88a65dc07229f5e578c73
  youtube-ios-player-helper: 53aecd0b4763a77e6890e9a7c55abb7b5c4bedea

COCOAPODS: 0.34.1
