// !$*UTF8*$!
{
	archiveVersion = 1;
	classes = {
	};
	objectVersion = 46;
	objects = {

/* Begin PBXBuildFile section */
		8E83D6C3E635F12320FB29DA /* libPods.a in Frameworks */ = {isa = PBXBuildFile; fileRef = FB0A60BE5886673DC64D8112 /* libPods.a */; };
		A2325DD519E94A0A008FB0A2 /* LoginViewController.m in Sources */ = {isa = PBXBuildFile; fileRef = A2325DD419E94A0A008FB0A2 /* LoginViewController.m */; };
		A28B1EC119E6B0160064DF45 /* main.m in Sources */ = {isa = PBXBuildFile; fileRef = A28B1EC019E6B0160064DF45 /* main.m */; };
		A28B1EC419E6B0160064DF45 /* AppDelegate.m in Sources */ = {isa = PBXBuildFile; fileRef = A28B1EC319E6B0160064DF45 /* AppDelegate.m */; };
		A28B1EC719E6B0160064DF45 /* blimp.xcdatamodeld in Sources */ = {isa = PBXBuildFile; fileRef = A28B1EC519E6B0160064DF45 /* blimp.xcdatamodeld */; };
		A28B1ECA19E6B0160064DF45 /* ViewController.m in Sources */ = {isa = PBXBuildFile; fileRef = A28B1EC919E6B0160064DF45 /* ViewController.m */; };
		A28B1ECF19E6B0160064DF45 /* Images.xcassets in Resources */ = {isa = PBXBuildFile; fileRef = A28B1ECE19E6B0160064DF45 /* Images.xcassets */; };
		A28B1ED219E6B0160064DF45 /* LaunchScreen.xib in Resources */ = {isa = PBXBuildFile; fileRef = A28B1ED019E6B0160064DF45 /* LaunchScreen.xib */; };
		A28B1EDE19E6B0160064DF45 /* blimpTests.m in Sources */ = {isa = PBXBuildFile; fileRef = A28B1EDD19E6B0160064DF45 /* blimpTests.m */; };
		A28B1EED19E716610064DF45 /* DetailViewController.m in Sources */ = {isa = PBXBuildFile; fileRef = A28B1EEC19E716610064DF45 /* DetailViewController.m */; };
		A28D8BCC19E84627003847B6 /* cell_background.png in Resources */ = {isa = PBXBuildFile; fileRef = A28D8BCB19E84627003847B6 /* cell_background.png */; };
		A2D5B02319E7295F00F3003A /* Storyboard.main.storyboard in Resources */ = {isa = PBXBuildFile; fileRef = A2D5B02219E7295F00F3003A /* Storyboard.main.storyboard */; };
		A2F4476519E83D8300B2C4E0 /* UIImage+StackBlur.m in Sources */ = {isa = PBXBuildFile; fileRef = A2F4476419E83D8300B2C4E0 /* UIImage+StackBlur.m */; };
/* End PBXBuildFile section */

/* Begin PBXContainerItemProxy section */
		A28B1ED819E6B0160064DF45 /* PBXContainerItemProxy */ = {
			isa = PBXContainerItemProxy;
			containerPortal = A28B1EB319E6B0160064DF45 /* Project object */;
			proxyType = 1;
			remoteGlobalIDString = A28B1EBA19E6B0160064DF45;
			remoteInfo = blimp;
		};
/* End PBXContainerItemProxy section */

/* Begin PBXFileReference section */
		4BA95F091328F480E5E8CCD5 /* Pods.debug.xcconfig */ = {isa = PBXFileReference; includeInIndex = 1; lastKnownFileType = text.xcconfig; name = Pods.debug.xcconfig; path = "Pods/Target Support Files/Pods/Pods.debug.xcconfig"; sourceTree = "<group>"; };
		81B56D4CD754DACB04314140 /* Pods.release.xcconfig */ = {isa = PBXFileReference; includeInIndex = 1; lastKnownFileType = text.xcconfig; name = Pods.release.xcconfig; path = "Pods/Target Support Files/Pods/Pods.release.xcconfig"; sourceTree = "<group>"; };
		A2325DD319E94A0A008FB0A2 /* LoginViewController.h */ = {isa = PBXFileReference; fileEncoding = 4; lastKnownFileType = sourcecode.c.h; path = LoginViewController.h; sourceTree = "<group>"; };
		A2325DD419E94A0A008FB0A2 /* LoginViewController.m */ = {isa = PBXFileReference; fileEncoding = 4; lastKnownFileType = sourcecode.c.objc; path = LoginViewController.m; sourceTree = "<group>"; };
		A28B1EBB19E6B0160064DF45 /* blimp.app */ = {isa = PBXFileReference; explicitFileType = wrapper.application; includeInIndex = 0; path = blimp.app; sourceTree = BUILT_PRODUCTS_DIR; };
		A28B1EBF19E6B0160064DF45 /* Info.plist */ = {isa = PBXFileReference; lastKnownFileType = text.plist.xml; path = Info.plist; sourceTree = "<group>"; };
		A28B1EC019E6B0160064DF45 /* main.m */ = {isa = PBXFileReference; lastKnownFileType = sourcecode.c.objc; path = main.m; sourceTree = "<group>"; };
		A28B1EC219E6B0160064DF45 /* AppDelegate.h */ = {isa = PBXFileReference; lastKnownFileType = sourcecode.c.h; path = AppDelegate.h; sourceTree = "<group>"; };
		A28B1EC319E6B0160064DF45 /* AppDelegate.m */ = {isa = PBXFileReference; lastKnownFileType = sourcecode.c.objc; path = AppDelegate.m; sourceTree = "<group>"; };
		A28B1EC619E6B0160064DF45 /* blimp.xcdatamodel */ = {isa = PBXFileReference; lastKnownFileType = wrapper.xcdatamodel; path = blimp.xcdatamodel; sourceTree = "<group>"; };
		A28B1EC819E6B0160064DF45 /* ViewController.h */ = {isa = PBXFileReference; lastKnownFileType = sourcecode.c.h; path = ViewController.h; sourceTree = "<group>"; };
		A28B1EC919E6B0160064DF45 /* ViewController.m */ = {isa = PBXFileReference; lastKnownFileType = sourcecode.c.objc; path = ViewController.m; sourceTree = "<group>"; };
		A28B1ECE19E6B0160064DF45 /* Images.xcassets */ = {isa = PBXFileReference; lastKnownFileType = folder.assetcatalog; path = Images.xcassets; sourceTree = "<group>"; };
		A28B1ED119E6B0160064DF45 /* Base */ = {isa = PBXFileReference; lastKnownFileType = file.xib; name = Base; path = Base.lproj/LaunchScreen.xib; sourceTree = "<group>"; };
		A28B1ED719E6B0160064DF45 /* blimpTests.xctest */ = {isa = PBXFileReference; explicitFileType = wrapper.cfbundle; includeInIndex = 0; path = blimpTests.xctest; sourceTree = BUILT_PRODUCTS_DIR; };
		A28B1EDC19E6B0160064DF45 /* Info.plist */ = {isa = PBXFileReference; lastKnownFileType = text.plist.xml; path = Info.plist; sourceTree = "<group>"; };
		A28B1EDD19E6B0160064DF45 /* blimpTests.m */ = {isa = PBXFileReference; lastKnownFileType = sourcecode.c.objc; path = blimpTests.m; sourceTree = "<group>"; };
		A28B1EEB19E716610064DF45 /* DetailViewController.h */ = {isa = PBXFileReference; fileEncoding = 4; lastKnownFileType = sourcecode.c.h; path = DetailViewController.h; sourceTree = "<group>"; };
		A28B1EEC19E716610064DF45 /* DetailViewController.m */ = {isa = PBXFileReference; fileEncoding = 4; lastKnownFileType = sourcecode.c.objc; path = DetailViewController.m; sourceTree = "<group>"; };
		A28D8BCB19E84627003847B6 /* cell_background.png */ = {isa = PBXFileReference; lastKnownFileType = image.png; path = cell_background.png; sourceTree = "<group>"; };
		A2D5B02219E7295F00F3003A /* Storyboard.main.storyboard */ = {isa = PBXFileReference; fileEncoding = 4; lastKnownFileType = file.storyboard; path = Storyboard.main.storyboard; sourceTree = "<group>"; };
		A2F4476319E83D8300B2C4E0 /* UIImage+StackBlur.h */ = {isa = PBXFileReference; fileEncoding = 4; lastKnownFileType = sourcecode.c.h; path = "UIImage+StackBlur.h"; sourceTree = "<group>"; };
		A2F4476419E83D8300B2C4E0 /* UIImage+StackBlur.m */ = {isa = PBXFileReference; fileEncoding = 4; lastKnownFileType = sourcecode.c.objc; path = "UIImage+StackBlur.m"; sourceTree = "<group>"; };
		FB0A60BE5886673DC64D8112 /* libPods.a */ = {isa = PBXFileReference; explicitFileType = archive.ar; includeInIndex = 0; path = libPods.a; sourceTree = BUILT_PRODUCTS_DIR; };
/* End PBXFileReference section */

/* Begin PBXFrameworksBuildPhase section */
		A28B1EB819E6B0160064DF45 /* Frameworks */ = {
			isa = PBXFrameworksBuildPhase;
			buildActionMask = 2147483647;
			files = (
				8E83D6C3E635F12320FB29DA /* libPods.a in Frameworks */,
			);
			runOnlyForDeploymentPostprocessing = 0;
		};
		A28B1ED419E6B0160064DF45 /* Frameworks */ = {
			isa = PBXFrameworksBuildPhase;
			buildActionMask = 2147483647;
			files = (
			);
			runOnlyForDeploymentPostprocessing = 0;
		};
/* End PBXFrameworksBuildPhase section */

/* Begin PBXGroup section */
		7A04B1FCD86BD9BD1EB726AD /* Frameworks */ = {
			isa = PBXGroup;
			children = (
				FB0A60BE5886673DC64D8112 /* libPods.a */,
			);
			name = Frameworks;
			sourceTree = "<group>";
		};
		A2325DD619E94A0F008FB0A2 /* Login */ = {
			isa = PBXGroup;
			children = (
				A2325DD319E94A0A008FB0A2 /* LoginViewController.h */,
				A2325DD419E94A0A008FB0A2 /* LoginViewController.m */,
			);
			name = Login;
			sourceTree = "<group>";
		};
		A28B1EB219E6B0160064DF45 = {
			isa = PBXGroup;
			children = (
				A28B1EBD19E6B0160064DF45 /* blimp */,
				A28B1EDA19E6B0160064DF45 /* blimpTests */,
				A28B1EBC19E6B0160064DF45 /* Products */,
				BED6C1481C01487665216D4D /* Pods */,
				7A04B1FCD86BD9BD1EB726AD /* Frameworks */,
			);
			sourceTree = "<group>";
		};
		A28B1EBC19E6B0160064DF45 /* Products */ = {
			isa = PBXGroup;
			children = (
				A28B1EBB19E6B0160064DF45 /* blimp.app */,
				A28B1ED719E6B0160064DF45 /* blimpTests.xctest */,
			);
			name = Products;
			sourceTree = "<group>";
		};
		A28B1EBD19E6B0160064DF45 /* blimp */ = {
			isa = PBXGroup;
			children = (
				A28B1EC219E6B0160064DF45 /* AppDelegate.h */,
				A28B1EC319E6B0160064DF45 /* AppDelegate.m */,
				A2D5B02219E7295F00F3003A /* Storyboard.main.storyboard */,
				A2325DD619E94A0F008FB0A2 /* Login */,
				A28B1EE919E7160F0064DF45 /* Search Movie */,
				A28B1EEA19E7163C0064DF45 /* Detail Movie */,
				A28B1ECE19E6B0160064DF45 /* Images.xcassets */,
				A28B1ED019E6B0160064DF45 /* LaunchScreen.xib */,
				A28B1EC519E6B0160064DF45 /* blimp.xcdatamodeld */,
				A28B1EBE19E6B0160064DF45 /* Supporting Files */,
			);
			path = blimp;
			sourceTree = "<group>";
		};
		A28B1EBE19E6B0160064DF45 /* Supporting Files */ = {
			isa = PBXGroup;
			children = (
				A28D8BCB19E84627003847B6 /* cell_background.png */,
				A2F4473D19E83BC600B2C4E0 /* Blur Effect for Images */,
				A28B1EBF19E6B0160064DF45 /* Info.plist */,
				A28B1EC019E6B0160064DF45 /* main.m */,
			);
			name = "Supporting Files";
			sourceTree = "<group>";
		};
		A28B1EDA19E6B0160064DF45 /* blimpTests */ = {
			isa = PBXGroup;
			children = (
				A28B1EDD19E6B0160064DF45 /* blimpTests.m */,
				A28B1EDB19E6B0160064DF45 /* Supporting Files */,
			);
			path = blimpTests;
			sourceTree = "<group>";
		};
		A28B1EDB19E6B0160064DF45 /* Supporting Files */ = {
			isa = PBXGroup;
			children = (
				A28B1EDC19E6B0160064DF45 /* Info.plist */,
			);
			name = "Supporting Files";
			sourceTree = "<group>";
		};
		A28B1EE919E7160F0064DF45 /* Search Movie */ = {
			isa = PBXGroup;
			children = (
				A28B1EC819E6B0160064DF45 /* ViewController.h */,
				A28B1EC919E6B0160064DF45 /* ViewController.m */,
			);
			name = "Search Movie";
			sourceTree = "<group>";
		};
		A28B1EEA19E7163C0064DF45 /* Detail Movie */ = {
			isa = PBXGroup;
			children = (
				A28B1EEB19E716610064DF45 /* DetailViewController.h */,
				A28B1EEC19E716610064DF45 /* DetailViewController.m */,
			);
			name = "Detail Movie";
			sourceTree = "<group>";
		};
		A2F4473D19E83BC600B2C4E0 /* Blur Effect for Images */ = {
			isa = PBXGroup;
			children = (
				A2F4476319E83D8300B2C4E0 /* UIImage+StackBlur.h */,
				A2F4476419E83D8300B2C4E0 /* UIImage+StackBlur.m */,
			);
			name = "Blur Effect for Images";
			sourceTree = "<group>";
		};
		BED6C1481C01487665216D4D /* Pods */ = {
			isa = PBXGroup;
			children = (
				4BA95F091328F480E5E8CCD5 /* Pods.debug.xcconfig */,
				81B56D4CD754DACB04314140 /* Pods.release.xcconfig */,
			);
			name = Pods;
			sourceTree = "<group>";
		};
/* End PBXGroup section */

/* Begin PBXNativeTarget section */
		A28B1EBA19E6B0160064DF45 /* blimp */ = {
			isa = PBXNativeTarget;
			buildConfigurationList = A28B1EE119E6B0160064DF45 /* Build configuration list for PBXNativeTarget "blimp" */;
			buildPhases = (
				7BC9CDCB1D8F282DDAFF2560 /* Check Pods Manifest.lock */,
				A28B1EB719E6B0160064DF45 /* Sources */,
				A28B1EB819E6B0160064DF45 /* Frameworks */,
				A28B1EB919E6B0160064DF45 /* Resources */,
				0843B6A31D532AD942B8CCFF /* Copy Pods Resources */,
			);
			buildRules = (
			);
			dependencies = (
			);
			name = blimp;
			productName = blimp;
			productReference = A28B1EBB19E6B0160064DF45 /* blimp.app */;
			productType = "com.apple.product-type.application";
		};
		A28B1ED619E6B0160064DF45 /* blimpTests */ = {
			isa = PBXNativeTarget;
			buildConfigurationList = A28B1EE419E6B0160064DF45 /* Build configuration list for PBXNativeTarget "blimpTests" */;
			buildPhases = (
				A28B1ED319E6B0160064DF45 /* Sources */,
				A28B1ED419E6B0160064DF45 /* Frameworks */,
				A28B1ED519E6B0160064DF45 /* Resources */,
			);
			buildRules = (
			);
			dependencies = (
				A28B1ED919E6B0160064DF45 /* PBXTargetDependency */,
			);
			name = blimpTests;
			productName = blimpTests;
			productReference = A28B1ED719E6B0160064DF45 /* blimpTests.xctest */;
			productType = "com.apple.product-type.bundle.unit-test";
		};
/* End PBXNativeTarget section */

/* Begin PBXProject section */
		A28B1EB319E6B0160064DF45 /* Project object */ = {
			isa = PBXProject;
			attributes = {
				LastUpgradeCheck = 0600;
				ORGANIZATIONNAME = BrickInc;
				TargetAttributes = {
					A28B1EBA19E6B0160064DF45 = {
						CreatedOnToolsVersion = 6.0.1;
					};
					A28B1ED619E6B0160064DF45 = {
						CreatedOnToolsVersion = 6.0.1;
						TestTargetID = A28B1EBA19E6B0160064DF45;
					};
				};
			};
			buildConfigurationList = A28B1EB619E6B0160064DF45 /* Build configuration list for PBXProject "blimp" */;
			compatibilityVersion = "Xcode 3.2";
			developmentRegion = English;
			hasScannedForEncodings = 0;
			knownRegions = (
				en,
				Base,
			);
			mainGroup = A28B1EB219E6B0160064DF45;
			productRefGroup = A28B1EBC19E6B0160064DF45 /* Products */;
			projectDirPath = "";
			projectRoot = "";
			targets = (
				A28B1EBA19E6B0160064DF45 /* blimp */,
				A28B1ED619E6B0160064DF45 /* blimpTests */,
			);
		};
/* End PBXProject section */

/* Begin PBXResourcesBuildPhase section */
		A28B1EB919E6B0160064DF45 /* Resources */ = {
			isa = PBXResourcesBuildPhase;
			buildActionMask = 2147483647;
			files = (
				A28D8BCC19E84627003847B6 /* cell_background.png in Resources */,
				A28B1ED219E6B0160064DF45 /* LaunchScreen.xib in Resources */,
				A2D5B02319E7295F00F3003A /* Storyboard.main.storyboard in Resources */,
				A28B1ECF19E6B0160064DF45 /* Images.xcassets in Resources */,
			);
			runOnlyForDeploymentPostprocessing = 0;
		};
		A28B1ED519E6B0160064DF45 /* Resources */ = {
			isa = PBXResourcesBuildPhase;
			buildActionMask = 2147483647;
			files = (
			);
			runOnlyForDeploymentPostprocessing = 0;
		};
/* End PBXResourcesBuildPhase section */

/* Begin PBXShellScriptBuildPhase section */
		0843B6A31D532AD942B8CCFF /* Copy Pods Resources */ = {
			isa = PBXShellScriptBuildPhase;
			buildActionMask = 2147483647;
			files = (
			);
			inputPaths = (
			);
			name = "Copy Pods Resources";
			outputPaths = (
			);
			runOnlyForDeploymentPostprocessing = 0;
			shellPath = /bin/sh;
			shellScript = "\"${SRCROOT}/Pods/Target Support Files/Pods/Pods-resources.sh\"\n";
			showEnvVarsInLog = 0;
		};
		7BC9CDCB1D8F282DDAFF2560 /* Check Pods Manifest.lock */ = {
			isa = PBXShellScriptBuildPhase;
			buildActionMask = 2147483647;
			files = (
			);
			inputPaths = (
			);
			name = "Check Pods Manifest.lock";
			outputPaths = (
			);
			runOnlyForDeploymentPostprocessing = 0;
			shellPath = /bin/sh;
			shellScript = "diff \"${PODS_ROOT}/../Podfile.lock\" \"${PODS_ROOT}/Manifest.lock\" > /dev/null\nif [[ $? != 0 ]] ; then\n    cat << EOM\nerror: The sandbox is not in sync with the Podfile.lock. Run 'pod install' or update your CocoaPods installation.\nEOM\n    exit 1\nfi\n";
			showEnvVarsInLog = 0;
		};
/* End PBXShellScriptBuildPhase section */

/* Begin PBXSourcesBuildPhase section */
		A28B1EB719E6B0160064DF45 /* Sources */ = {
			isa = PBXSourcesBuildPhase;
			buildActionMask = 2147483647;
			files = (
				A28B1EED19E716610064DF45 /* DetailViewController.m in Sources */,
				A28B1EC719E6B0160064DF45 /* blimp.xcdatamodeld in Sources */,
				A2F4476519E83D8300B2C4E0 /* UIImage+StackBlur.m in Sources */,
				A28B1EC419E6B0160064DF45 /* AppDelegate.m in Sources */,
				A2325DD519E94A0A008FB0A2 /* LoginViewController.m in Sources */,
				A28B1ECA19E6B0160064DF45 /* ViewController.m in Sources */,
				A28B1EC119E6B0160064DF45 /* main.m in Sources */,
			);
			runOnlyForDeploymentPostprocessing = 0;
		};
		A28B1ED319E6B0160064DF45 /* Sources */ = {
			isa = PBXSourcesBuildPhase;
			buildActionMask = 2147483647;
			files = (
				A28B1EDE19E6B0160064DF45 /* blimpTests.m in Sources */,
			);
			runOnlyForDeploymentPostprocessing = 0;
		};
/* End PBXSourcesBuildPhase section */

/* Begin PBXTargetDependency section */
		A28B1ED919E6B0160064DF45 /* PBXTargetDependency */ = {
			isa = PBXTargetDependency;
			target = A28B1EBA19E6B0160064DF45 /* blimp */;
			targetProxy = A28B1ED819E6B0160064DF45 /* PBXContainerItemProxy */;
		};
/* End PBXTargetDependency section */

/* Begin PBXVariantGroup section */
		A28B1ED019E6B0160064DF45 /* LaunchScreen.xib */ = {
			isa = PBXVariantGroup;
			children = (
				A28B1ED119E6B0160064DF45 /* Base */,
			);
			name = LaunchScreen.xib;
			sourceTree = "<group>";
		};
/* End PBXVariantGroup section */

/* Begin XCBuildConfiguration section */
		A28B1EDF19E6B0160064DF45 /* Debug */ = {
			isa = XCBuildConfiguration;
			buildSettings = {
				ALWAYS_SEARCH_USER_PATHS = NO;
				CLANG_CXX_LANGUAGE_STANDARD = "gnu++0x";
				CLANG_CXX_LIBRARY = "libc++";
				CLANG_ENABLE_MODULES = YES;
				CLANG_ENABLE_OBJC_ARC = YES;
				CLANG_WARN_BOOL_CONVERSION = YES;
				CLANG_WARN_CONSTANT_CONVERSION = YES;
				CLANG_WARN_DIRECT_OBJC_ISA_USAGE = YES_ERROR;
				CLANG_WARN_EMPTY_BODY = YES;
				CLANG_WARN_ENUM_CONVERSION = YES;
				CLANG_WARN_INT_CONVERSION = YES;
				CLANG_WARN_OBJC_ROOT_CLASS = YES_ERROR;
				CLANG_WARN_UNREACHABLE_CODE = YES;
				CLANG_WARN__DUPLICATE_METHOD_MATCH = YES;
				"CODE_SIGN_IDENTITY[sdk=iphoneos*]" = "iPhone Developer";
				COPY_PHASE_STRIP = NO;
				ENABLE_STRICT_OBJC_MSGSEND = YES;
				GCC_C_LANGUAGE_STANDARD = gnu99;
				GCC_DYNAMIC_NO_PIC = NO;
				GCC_OPTIMIZATION_LEVEL = 0;
				GCC_PREPROCESSOR_DEFINITIONS = (
					"DEBUG=1",
					"$(inherited)",
				);
				GCC_SYMBOLS_PRIVATE_EXTERN = NO;
				GCC_WARN_64_TO_32_BIT_CONVERSION = YES;
				GCC_WARN_ABOUT_RETURN_TYPE = YES_ERROR;
				GCC_WARN_UNDECLARED_SELECTOR = YES;
				GCC_WARN_UNINITIALIZED_AUTOS = YES_AGGRESSIVE;
				GCC_WARN_UNUSED_FUNCTION = YES;
				GCC_WARN_UNUSED_VARIABLE = YES;
				IPHONEOS_DEPLOYMENT_TARGET = 8.0;
				MTL_ENABLE_DEBUG_INFO = YES;
				ONLY_ACTIVE_ARCH = YES;
				SDKROOT = iphoneos;
			};
			name = Debug;
		};
		A28B1EE019E6B0160064DF45 /* Release */ = {
			isa = XCBuildConfiguration;
			buildSettings = {
				ALWAYS_SEARCH_USER_PATHS = NO;
				CLANG_CXX_LANGUAGE_STANDARD = "gnu++0x";
				CLANG_CXX_LIBRARY = "libc++";
				CLANG_ENABLE_MODULES = YES;
				CLANG_ENABLE_OBJC_ARC = YES;
				CLANG_WARN_BOOL_CONVERSION = YES;
				CLANG_WARN_CONSTANT_CONVERSION = YES;
				CLANG_WARN_DIRECT_OBJC_ISA_USAGE = YES_ERROR;
				CLANG_WARN_EMPTY_BODY = YES;
				CLANG_WARN_ENUM_CONVERSION = YES;
				CLANG_WARN_INT_CONVERSION = YES;
				CLANG_WARN_OBJC_ROOT_CLASS = YES_ERROR;
				CLANG_WARN_UNREACHABLE_CODE = YES;
				CLANG_WARN__DUPLICATE_METHOD_MATCH = YES;
				"CODE_SIGN_IDENTITY[sdk=iphoneos*]" = "iPhone Developer";
				COPY_PHASE_STRIP = YES;
				ENABLE_NS_ASSERTIONS = NO;
				ENABLE_STRICT_OBJC_MSGSEND = YES;
				GCC_C_LANGUAGE_STANDARD = gnu99;
				GCC_WARN_64_TO_32_BIT_CONVERSION = YES;
				GCC_WARN_ABOUT_RETURN_TYPE = YES_ERROR;
				GCC_WARN_UNDECLARED_SELECTOR = YES;
				GCC_WARN_UNINITIALIZED_AUTOS = YES_AGGRESSIVE;
				GCC_WARN_UNUSED_FUNCTION = YES;
				GCC_WARN_UNUSED_VARIABLE = YES;
				IPHONEOS_DEPLOYMENT_TARGET = 8.0;
				MTL_ENABLE_DEBUG_INFO = NO;
				SDKROOT = iphoneos;
				VALIDATE_PRODUCT = YES;
			};
			name = Release;
		};
		A28B1EE219E6B0160064DF45 /* Debug */ = {
			isa = XCBuildConfiguration;
			baseConfigurationReference = 4BA95F091328F480E5E8CCD5 /* Pods.debug.xcconfig */;
			buildSettings = {
				ASSETCATALOG_COMPILER_APPICON_NAME = AppIcon;
				INFOPLIST_FILE = blimp/Info.plist;
				LD_RUNPATH_SEARCH_PATHS = "$(inherited) @executable_path/Frameworks";
				PRODUCT_NAME = "$(TARGET_NAME)";
			};
			name = Debug;
		};
		A28B1EE319E6B0160064DF45 /* Release */ = {
			isa = XCBuildConfiguration;
			baseConfigurationReference = 81B56D4CD754DACB04314140 /* Pods.release.xcconfig */;
			buildSettings = {
				ASSETCATALOG_COMPILER_APPICON_NAME = AppIcon;
				INFOPLIST_FILE = blimp/Info.plist;
				LD_RUNPATH_SEARCH_PATHS = "$(inherited) @executable_path/Frameworks";
				PRODUCT_NAME = "$(TARGET_NAME)";
			};
			name = Release;
		};
		A28B1EE519E6B0160064DF45 /* Debug */ = {
			isa = XCBuildConfiguration;
			buildSettings = {
				BUNDLE_LOADER = "$(TEST_HOST)";
				FRAMEWORK_SEARCH_PATHS = (
					"$(SDKROOT)/Developer/Library/Frameworks",
					"$(inherited)",
				);
				GCC_PREPROCESSOR_DEFINITIONS = (
					"DEBUG=1",
					"$(inherited)",
				);
				INFOPLIST_FILE = blimpTests/Info.plist;
				LD_RUNPATH_SEARCH_PATHS = "$(inherited) @executable_path/Frameworks @loader_path/Frameworks";
				PRODUCT_NAME = "$(TARGET_NAME)";
				TEST_HOST = "$(BUILT_PRODUCTS_DIR)/blimp.app/blimp";
			};
			name = Debug;
		};
		A28B1EE619E6B0160064DF45 /* Release */ = {
			isa = XCBuildConfiguration;
			buildSettings = {
				BUNDLE_LOADER = "$(TEST_HOST)";
				FRAMEWORK_SEARCH_PATHS = (
					"$(SDKROOT)/Developer/Library/Frameworks",
					"$(inherited)",
				);
				INFOPLIST_FILE = blimpTests/Info.plist;
				LD_RUNPATH_SEARCH_PATHS = "$(inherited) @executable_path/Frameworks @loader_path/Frameworks";
				PRODUCT_NAME = "$(TARGET_NAME)";
				TEST_HOST = "$(BUILT_PRODUCTS_DIR)/blimp.app/blimp";
			};
			name = Release;
		};
/* End XCBuildConfiguration section */

/* Begin XCConfigurationList section */
		A28B1EB619E6B0160064DF45 /* Build configuration list for PBXProject "blimp" */ = {
			isa = XCConfigurationList;
			buildConfigurations = (
				A28B1EDF19E6B0160064DF45 /* Debug */,
				A28B1EE019E6B0160064DF45 /* Release */,
			);
			defaultConfigurationIsVisible = 0;
			defaultConfigurationName = Release;
		};
		A28B1EE119E6B0160064DF45 /* Build configuration list for PBXNativeTarget "blimp" */ = {
			isa = XCConfigurationList;
			buildConfigurations = (
				A28B1EE219E6B0160064DF45 /* Debug */,
				A28B1EE319E6B0160064DF45 /* Release */,
			);
			defaultConfigurationIsVisible = 0;
			defaultConfigurationName = Release;
		};
		A28B1EE419E6B0160064DF45 /* Build configuration list for PBXNativeTarget "blimpTests" */ = {
			isa = XCConfigurationList;
			buildConfigurations = (
				A28B1EE519E6B0160064DF45 /* Debug */,
				A28B1EE619E6B0160064DF45 /* Release */,
			);
			defaultConfigurationIsVisible = 0;
			defaultConfigurationName = Release;
		};
/* End XCConfigurationList section */

/* Begin XCVersionGroup section */
		A28B1EC519E6B0160064DF45 /* blimp.xcdatamodeld */ = {
			isa = XCVersionGroup;
			children = (
				A28B1EC619E6B0160064DF45 /* blimp.xcdatamodel */,
			);
			currentVersion = A28B1EC619E6B0160064DF45 /* blimp.xcdatamodel */;
			path = blimp.xcdatamodeld;
			sourceTree = "<group>";
			versionGroupType = wrapper.xcdatamodel;
		};
/* End XCVersionGroup section */
	};
	rootObject = A28B1EB319E6B0160064DF45 /* Project object */;
}
